
Microsoft Visual Studio Solution File, Format Version 12.00
# Visual Studio Version 17
VisualStudioVersion = 17.3.32819.101
MinimumVisualStudioVersion = 10.0.40219.1
Project("{FAE04EC0-301F-11D3-BF4B-00C04F79EFBC}") = "Parsing", "Parsing\Parsing.csproj", "{46C9BF7D-9923-465A-B5CF-0F16D9DECD3B}"
EndProject
Project("{FAE04EC0-301F-11D3-BF4B-00C04F79EFBC}") = "Parsing_WinForm", "Parsing_WinForm\Parsing_WinForm.csproj", "{0CAFAB4E-B0BD-4F7E-8EEA-0EF08F6F874C}"
EndProject
Global
	GlobalSection(SolutionConfigurationPlatforms) = preSolution
		Debug|Any CPU = Debug|Any CPU
		Release|Any CPU = Release|Any CPU
	EndGlobalSection
	GlobalSection(ProjectConfigurationPlatforms) = postSolution
		{46C9BF7D-9923-465A-B5CF-0F16D9DECD3B}.Debug|Any CPU.ActiveCfg = Debug|Any CPU
		{46C9BF7D-9923-465A-B5CF-0F16D9DECD3B}.Debug|Any CPU.Build.0 = Debug|Any CPU
		{46C9BF7D-9923-465A-B5CF-0F16D9DECD3B}.Release|Any CPU.ActiveCfg = Release|Any CPU
		{46C9BF7D-9923-465A-B5CF-0F16D9DECD3B}.Release|Any CPU.Build.0 = Release|Any CPU
		{0CAFAB4E-B0BD-4F7E-8EEA-0EF08F6F874C}.Debug|Any CPU.ActiveCfg = Debug|Any CPU
		{0CAFAB4E-B0BD-4F7E-8EEA-0EF08F6F874C}.Debug|Any CPU.Build.0 = Debug|Any CPU
		{0CAFAB4E-B0BD-4F7E-8EEA-0EF08F6F874C}.Release|Any CPU.ActiveCfg = Release|Any CPU
		{0CAFAB4E-B0BD-4F7E-8EEA-0EF08F6F874C}.Release|Any CPU.Build.0 = Release|Any CPU
	EndGlobalSection
	GlobalSection(SolutionProperties) = preSolution
		HideSolutionNode = FALSE
	EndGlobalSection
	GlobalSection(ExtensibilityGlobals) = postSolution
		SolutionGuid = {1B73EEA4-F537-432A-927A-E08361DC3075}
	EndGlobalSection
EndGlobal
